
Microsoft Visual Studio Solution File, Format Version 12.00
# Visual Studio 14
VisualStudioVersion = 14.0.24720.0
MinimumVisualStudioVersion = 10.0.40219.1
Project("{FAE04EC0-301F-11D3-BF4B-00C04F79EFBC}") = "opsubcrp", "opsubcrp\opsubcrp.csproj", "{2AF358F7-18C8-4C54-820F-16AA3F173441}"
EndProject
Project("{FAE04EC0-301F-11D3-BF4B-00C04F79EFBC}") = "opsubRpc", "opsubRpc\opsubRpc.csproj", "{64BAA586-2283-411B-854D-5F9ED927457F}"
EndProject
Project("{FAE04EC0-301F-11D3-BF4B-00C04F79EFBC}") = "opsubeng", "opsubeng\opsubeng.csproj", "{1CBDF170-16BB-40E4-B2FF-41C1DF817355}"
EndProject
Project("{FAE04EC0-301F-11D3-BF4B-00C04F79EFBC}") = "opsubcombi", "opsubcombi\opsubcombi.csproj", "{59B4C04B-2B3F-4E61-9808-DE948178A7F9}"
EndProject
Global
	GlobalSection(SolutionConfigurationPlatforms) = preSolution
		Debug|Any CPU = Debug|Any CPU
		Release|Any CPU = Release|Any CPU
	EndGlobalSection
	GlobalSection(ProjectConfigurationPlatforms) = postSolution
		{2AF358F7-18C8-4C54-820F-16AA3F173441}.Debug|Any CPU.ActiveCfg = Debug|Any CPU
		{2AF358F7-18C8-4C54-820F-16AA3F173441}.Debug|Any CPU.Build.0 = Debug|Any CPU
		{2AF358F7-18C8-4C54-820F-16AA3F173441}.Release|Any CPU.ActiveCfg = Release|Any CPU
		{2AF358F7-18C8-4C54-820F-16AA3F173441}.Release|Any CPU.Build.0 = Release|Any CPU
		{64BAA586-2283-411B-854D-5F9ED927457F}.Debug|Any CPU.ActiveCfg = Debug|Any CPU
		{64BAA586-2283-411B-854D-5F9ED927457F}.Debug|Any CPU.Build.0 = Debug|Any CPU
		{64BAA586-2283-411B-854D-5F9ED927457F}.Release|Any CPU.ActiveCfg = Release|Any CPU
		{64BAA586-2283-411B-854D-5F9ED927457F}.Release|Any CPU.Build.0 = Release|Any CPU
		{1CBDF170-16BB-40E4-B2FF-41C1DF817355}.Debug|Any CPU.ActiveCfg = Debug|Any CPU
		{1CBDF170-16BB-40E4-B2FF-41C1DF817355}.Debug|Any CPU.Build.0 = Debug|Any CPU
		{1CBDF170-16BB-40E4-B2FF-41C1DF817355}.Release|Any CPU.ActiveCfg = Release|Any CPU
		{1CBDF170-16BB-40E4-B2FF-41C1DF817355}.Release|Any CPU.Build.0 = Release|Any CPU
		{59B4C04B-2B3F-4E61-9808-DE948178A7F9}.Debug|Any CPU.ActiveCfg = Debug|Any CPU
		{59B4C04B-2B3F-4E61-9808-DE948178A7F9}.Debug|Any CPU.Build.0 = Debug|Any CPU
		{59B4C04B-2B3F-4E61-9808-DE948178A7F9}.Release|Any CPU.ActiveCfg = Release|Any CPU
		{59B4C04B-2B3F-4E61-9808-DE948178A7F9}.Release|Any CPU.Build.0 = Release|Any CPU
	EndGlobalSection
	GlobalSection(SolutionProperties) = preSolution
		HideSolutionNode = FALSE
	EndGlobalSection
EndGlobal
